
Microsoft Visual Studio Solution File, Format Version 12.00
# Visual Studio Version 17
VisualStudioVersion = 17.13.35913.81 d17.13
MinimumVisualStudioVersion = 10.0.40219.1
Project("{FAE04EC0-301F-11D3-BF4B-00C04F79EFBC}") = "TallinnaRakenduslikKolledz", "TallinnaRakenduslikKolledz\TallinnaRakenduslikKolledz.csproj", "{E1B193B3-0980-4511-BE1B-104C379B6B15}"
EndProject
Global
	GlobalSection(SolutionConfigurationPlatforms) = preSolution
		Debug|Any CPU = Debug|Any CPU
		Release|Any CPU = Release|Any CPU
	EndGlobalSection
	GlobalSection(ProjectConfigurationPlatforms) = postSolution
		{E1B193B3-0980-4511-BE1B-104C379B6B15}.Debug|Any CPU.ActiveCfg = Debug|Any CPU
		{E1B193B3-0980-4511-BE1B-104C379B6B15}.Debug|Any CPU.Build.0 = Debug|Any CPU
		{E1B193B3-0980-4511-BE1B-104C379B6B15}.Release|Any CPU.ActiveCfg = Release|Any CPU
		{E1B193B3-0980-4511-BE1B-104C379B6B15}.Release|Any CPU.Build.0 = Release|Any CPU
	EndGlobalSection
	GlobalSection(SolutionProperties) = preSolution
		HideSolutionNode = FALSE
	EndGlobalSection
	GlobalSection(ExtensibilityGlobals) = postSolution
		SolutionGuid = {74575EF4-AB4C-43A3-85F6-6E2F066EF196}
	EndGlobalSection
EndGlobal
